// !$*UTF8*$!
{
	archiveVersion = 1;
	classes = {
	};
	objectVersion = 46;
	objects = {

/* Begin PBXBuildFile section */
		AB3949461D06166A007150E5 /* main.m in Sources */ = {isa = PBXBuildFile; fileRef = AB3949451D06166A007150E5 /* main.m */; };
		AB3949491D06166A007150E5 /* AppDelegate.m in Sources */ = {isa = PBXBuildFile; fileRef = AB3949481D06166A007150E5 /* AppDelegate.m */; };
		AB39494C1D06166A007150E5 /* ViewController.m in Sources */ = {isa = PBXBuildFile; fileRef = AB39494B1D06166A007150E5 /* ViewController.m */; };
		AB39494F1D06166A007150E5 /* Main.storyboard in Resources */ = {isa = PBXBuildFile; fileRef = AB39494D1D06166A007150E5 /* Main.storyboard */; };
		AB3949511D06166A007150E5 /* Assets.xcassets in Resources */ = {isa = PBXBuildFile; fileRef = AB3949501D06166A007150E5 /* Assets.xcassets */; };
		AB3949541D06166A007150E5 /* LaunchScreen.storyboard in Resources */ = {isa = PBXBuildFile; fileRef = AB3949521D06166A007150E5 /* LaunchScreen.storyboard */; };
		AB39495F1D06166A007150E5 /* AlcolatorTests.m in Sources */ = {isa = PBXBuildFile; fileRef = AB39495E1D06166A007150E5 /* AlcolatorTests.m */; };
		AB39496B1D06771C007150E5 /* WhiskeyViewController.m in Sources */ = {isa = PBXBuildFile; fileRef = AB39496A1D06771C007150E5 /* WhiskeyViewController.m */; };
		AB39496E1D092560007150E5 /* MainMenuViewController.m in Sources */ = {isa = PBXBuildFile; fileRef = AB39496D1D092560007150E5 /* MainMenuViewController.m */; };
/* End PBXBuildFile section */

/* Begin PBXContainerItemProxy section */
		AB39495B1D06166A007150E5 /* PBXContainerItemProxy */ = {
			isa = PBXContainerItemProxy;
			containerPortal = AB3949391D06166A007150E5 /* Project object */;
			proxyType = 1;
			remoteGlobalIDString = AB3949401D06166A007150E5;
			remoteInfo = Alcolator;
		};
/* End PBXContainerItemProxy section */

/* Begin PBXFileReference section */
		AB3949411D06166A007150E5 /* Alcolator.app */ = {isa = PBXFileReference; explicitFileType = wrapper.application; includeInIndex = 0; path = Alcolator.app; sourceTree = BUILT_PRODUCTS_DIR; };
		AB3949451D06166A007150E5 /* main.m */ = {isa = PBXFileReference; lastKnownFileType = sourcecode.c.objc; path = main.m; sourceTree = "<group>"; };
		AB3949471D06166A007150E5 /* AppDelegate.h */ = {isa = PBXFileReference; lastKnownFileType = sourcecode.c.h; path = AppDelegate.h; sourceTree = "<group>"; };
		AB3949481D06166A007150E5 /* AppDelegate.m */ = {isa = PBXFileReference; lastKnownFileType = sourcecode.c.objc; path = AppDelegate.m; sourceTree = "<group>"; };
		AB39494A1D06166A007150E5 /* ViewController.h */ = {isa = PBXFileReference; lastKnownFileType = sourcecode.c.h; path = ViewController.h; sourceTree = "<group>"; };
		AB39494B1D06166A007150E5 /* ViewController.m */ = {isa = PBXFileReference; lastKnownFileType = sourcecode.c.objc; path = ViewController.m; sourceTree = "<group>"; };
		AB39494E1D06166A007150E5 /* Base */ = {isa = PBXFileReference; lastKnownFileType = file.storyboard; name = Base; path = Base.lproj/Main.storyboard; sourceTree = "<group>"; };
		AB3949501D06166A007150E5 /* Assets.xcassets */ = {isa = PBXFileReference; lastKnownFileType = folder.assetcatalog; path = Assets.xcassets; sourceTree = "<group>"; };
		AB3949531D06166A007150E5 /* Base */ = {isa = PBXFileReference; lastKnownFileType = file.storyboard; name = Base; path = Base.lproj/LaunchScreen.storyboard; sourceTree = "<group>"; };
		AB3949551D06166A007150E5 /* Info.plist */ = {isa = PBXFileReference; lastKnownFileType = text.plist.xml; path = Info.plist; sourceTree = "<group>"; };
		AB39495A1D06166A007150E5 /* AlcolatorTests.xctest */ = {isa = PBXFileReference; explicitFileType = wrapper.cfbundle; includeInIndex = 0; path = AlcolatorTests.xctest; sourceTree = BUILT_PRODUCTS_DIR; };
		AB39495E1D06166A007150E5 /* AlcolatorTests.m */ = {isa = PBXFileReference; lastKnownFileType = sourcecode.c.objc; path = AlcolatorTests.m; sourceTree = "<group>"; };
		AB3949601D06166A007150E5 /* Info.plist */ = {isa = PBXFileReference; lastKnownFileType = text.plist.xml; path = Info.plist; sourceTree = "<group>"; };
		AB3949691D06771C007150E5 /* WhiskeyViewController.h */ = {isa = PBXFileReference; fileEncoding = 4; lastKnownFileType = sourcecode.c.h; path = WhiskeyViewController.h; sourceTree = "<group>"; };
		AB39496A1D06771C007150E5 /* WhiskeyViewController.m */ = {isa = PBXFileReference; fileEncoding = 4; lastKnownFileType = sourcecode.c.objc; path = WhiskeyViewController.m; sourceTree = "<group>"; };
		AB39496C1D092560007150E5 /* MainMenuViewController.h */ = {isa = PBXFileReference; fileEncoding = 4; lastKnownFileType = sourcecode.c.h; path = MainMenuViewController.h; sourceTree = "<group>"; };
		AB39496D1D092560007150E5 /* MainMenuViewController.m */ = {isa = PBXFileReference; fileEncoding = 4; lastKnownFileType = sourcecode.c.objc; path = MainMenuViewController.m; sourceTree = "<group>"; };
/* End PBXFileReference section */

/* Begin PBXFrameworksBuildPhase section */
		AB39493E1D06166A007150E5 /* Frameworks */ = {
			isa = PBXFrameworksBuildPhase;
			buildActionMask = 2147483647;
			files = (
			);
			runOnlyForDeploymentPostprocessing = 0;
		};
		AB3949571D06166A007150E5 /* Frameworks */ = {
			isa = PBXFrameworksBuildPhase;
			buildActionMask = 2147483647;
			files = (
			);
			runOnlyForDeploymentPostprocessing = 0;
		};
/* End PBXFrameworksBuildPhase section */

/* Begin PBXGroup section */
		AB3949381D06166A007150E5 = {
			isa = PBXGroup;
			children = (
				AB3949431D06166A007150E5 /* Alcolator */,
				AB39495D1D06166A007150E5 /* AlcolatorTests */,
				AB3949421D06166A007150E5 /* Products */,
			);
			sourceTree = "<group>";
		};
		AB3949421D06166A007150E5 /* Products */ = {
			isa = PBXGroup;
			children = (
				AB3949411D06166A007150E5 /* Alcolator.app */,
				AB39495A1D06166A007150E5 /* AlcolatorTests.xctest */,
			);
			name = Products;
			sourceTree = "<group>";
		};
		AB3949431D06166A007150E5 /* Alcolator */ = {
			isa = PBXGroup;
			children = (
				AB3949471D06166A007150E5 /* AppDelegate.h */,
				AB3949481D06166A007150E5 /* AppDelegate.m */,
				AB39496C1D092560007150E5 /* MainMenuViewController.h */,
				AB39496D1D092560007150E5 /* MainMenuViewController.m */,
				AB39494A1D06166A007150E5 /* ViewController.h */,
				AB39494B1D06166A007150E5 /* ViewController.m */,
				AB3949691D06771C007150E5 /* WhiskeyViewController.h */,
				AB39496A1D06771C007150E5 /* WhiskeyViewController.m */,
				AB39494D1D06166A007150E5 /* Main.storyboard */,
				AB3949501D06166A007150E5 /* Assets.xcassets */,
				AB3949521D06166A007150E5 /* LaunchScreen.storyboard */,
				AB3949551D06166A007150E5 /* Info.plist */,
				AB3949441D06166A007150E5 /* Supporting Files */,
			);
			path = Alcolator;
			sourceTree = "<group>";
		};
		AB3949441D06166A007150E5 /* Supporting Files */ = {
			isa = PBXGroup;
			children = (
				AB3949451D06166A007150E5 /* main.m */,
			);
			name = "Supporting Files";
			sourceTree = "<group>";
		};
		AB39495D1D06166A007150E5 /* AlcolatorTests */ = {
			isa = PBXGroup;
			children = (
				AB39495E1D06166A007150E5 /* AlcolatorTests.m */,
				AB3949601D06166A007150E5 /* Info.plist */,
			);
			path = AlcolatorTests;
			sourceTree = "<group>";
		};
/* End PBXGroup section */

/* Begin PBXNativeTarget section */
		AB3949401D06166A007150E5 /* Alcolator */ = {
			isa = PBXNativeTarget;
			buildConfigurationList = AB3949631D06166A007150E5 /* Build configuration list for PBXNativeTarget "Alcolator" */;
			buildPhases = (
				AB39493D1D06166A007150E5 /* Sources */,
				AB39493E1D06166A007150E5 /* Frameworks */,
				AB39493F1D06166A007150E5 /* Resources */,
			);
			buildRules = (
			);
			dependencies = (
			);
			name = Alcolator;
			productName = Alcolator;
			productReference = AB3949411D06166A007150E5 /* Alcolator.app */;
			productType = "com.apple.product-type.application";
		};
		AB3949591D06166A007150E5 /* AlcolatorTests */ = {
			isa = PBXNativeTarget;
			buildConfigurationList = AB3949661D06166A007150E5 /* Build configuration list for PBXNativeTarget "AlcolatorTests" */;
			buildPhases = (
				AB3949561D06166A007150E5 /* Sources */,
				AB3949571D06166A007150E5 /* Frameworks */,
				AB3949581D06166A007150E5 /* Resources */,
			);
			buildRules = (
			);
			dependencies = (
				AB39495C1D06166A007150E5 /* PBXTargetDependency */,
			);
			name = AlcolatorTests;
			productName = AlcolatorTests;
			productReference = AB39495A1D06166A007150E5 /* AlcolatorTests.xctest */;
			productType = "com.apple.product-type.bundle.unit-test";
		};
/* End PBXNativeTarget section */

/* Begin PBXProject section */
		AB3949391D06166A007150E5 /* Project object */ = {
			isa = PBXProject;
			attributes = {
				LastUpgradeCheck = 0730;
				ORGANIZATIONNAME = Bloc;
				TargetAttributes = {
					AB3949401D06166A007150E5 = {
						CreatedOnToolsVersion = 7.3.1;
					};
					AB3949591D06166A007150E5 = {
						CreatedOnToolsVersion = 7.3.1;
						TestTargetID = AB3949401D06166A007150E5;
					};
				};
			};
			buildConfigurationList = AB39493C1D06166A007150E5 /* Build configuration list for PBXProject "Alcolator" */;
			compatibilityVersion = "Xcode 3.2";
			developmentRegion = English;
			hasScannedForEncodings = 0;
			knownRegions = (
				en,
				Base,
			);
			mainGroup = AB3949381D06166A007150E5;
			productRefGroup = AB3949421D06166A007150E5 /* Products */;
			projectDirPath = "";
			projectRoot = "";
			targets = (
				AB3949401D06166A007150E5 /* Alcolator */,
				AB3949591D06166A007150E5 /* AlcolatorTests */,
			);
		};
/* End PBXProject section */

/* Begin PBXResourcesBuildPhase section */
		AB39493F1D06166A007150E5 /* Resources */ = {
			isa = PBXResourcesBuildPhase;
			buildActionMask = 2147483647;
			files = (
				AB3949541D06166A007150E5 /* LaunchScreen.storyboard in Resources */,
				AB3949511D06166A007150E5 /* Assets.xcassets in Resources */,
				AB39494F1D06166A007150E5 /* Main.storyboard in Resources */,
			);
			runOnlyForDeploymentPostprocessing = 0;
		};
		AB3949581D06166A007150E5 /* Resources */ = {
			isa = PBXResourcesBuildPhase;
			buildActionMask = 2147483647;
			files = (
			);
			runOnlyForDeploymentPostprocessing = 0;
		};
/* End PBXResourcesBuildPhase section */

/* Begin PBXSourcesBuildPhase section */
		AB39493D1D06166A007150E5 /* Sources */ = {
			isa = PBXSourcesBuildPhase;
			buildActionMask = 2147483647;
			files = (
				AB39494C1D06166A007150E5 /* ViewController.m in Sources */,
				AB39496B1D06771C007150E5 /* WhiskeyViewController.m in Sources */,
				AB3949491D06166A007150E5 /* AppDelegate.m in Sources */,
				AB3949461D06166A007150E5 /* main.m in Sources */,
				AB39496E1D092560007150E5 /* MainMenuViewController.m in Sources */,
			);
			runOnlyForDeploymentPostprocessing = 0;
		};
		AB3949561D06166A007150E5 /* Sources */ = {
			isa = PBXSourcesBuildPhase;
			buildActionMask = 2147483647;
			files = (
				AB39495F1D06166A007150E5 /* AlcolatorTests.m in Sources */,
			);
			runOnlyForDeploymentPostprocessing = 0;
		};
/* End PBXSourcesBuildPhase section */

/* Begin PBXTargetDependency section */
		AB39495C1D06166A007150E5 /* PBXTargetDependency */ = {
			isa = PBXTargetDependency;
			target = AB3949401D06166A007150E5 /* Alcolator */;
			targetProxy = AB39495B1D06166A007150E5 /* PBXContainerItemProxy */;
		};
/* End PBXTargetDependency section */

/* Begin PBXVariantGroup section */
		AB39494D1D06166A007150E5 /* Main.storyboard */ = {
			isa = PBXVariantGroup;
			children = (
				AB39494E1D06166A007150E5 /* Base */,
			);
			name = Main.storyboard;
			sourceTree = "<group>";
		};
		AB3949521D06166A007150E5 /* LaunchScreen.storyboard */ = {
			isa = PBXVariantGroup;
			children = (
				AB3949531D06166A007150E5 /* Base */,
			);
			name = LaunchScreen.storyboard;
			sourceTree = "<group>";
		};
/* End PBXVariantGroup section */

/* Begin XCBuildConfiguration section */
		AB3949611D06166A007150E5 /* Debug */ = {
			isa = XCBuildConfiguration;
			buildSettings = {
				ALWAYS_SEARCH_USER_PATHS = NO;
				CLANG_ANALYZER_NONNULL = YES;
				CLANG_CXX_LANGUAGE_STANDARD = "gnu++0x";
				CLANG_CXX_LIBRARY = "libc++";
				CLANG_ENABLE_MODULES = YES;
				CLANG_ENABLE_OBJC_ARC = YES;
				CLANG_WARN_BOOL_CONVERSION = YES;
				CLANG_WARN_CONSTANT_CONVERSION = YES;
				CLANG_WARN_DIRECT_OBJC_ISA_USAGE = YES_ERROR;
				CLANG_WARN_EMPTY_BODY = YES;
				CLANG_WARN_ENUM_CONVERSION = YES;
				CLANG_WARN_INT_CONVERSION = YES;
				CLANG_WARN_OBJC_ROOT_CLASS = YES_ERROR;
				CLANG_WARN_UNREACHABLE_CODE = YES;
				CLANG_WARN__DUPLICATE_METHOD_MATCH = YES;
				"CODE_SIGN_IDENTITY[sdk=iphoneos*]" = "iPhone Developer";
				COPY_PHASE_STRIP = NO;
				DEBUG_INFORMATION_FORMAT = dwarf;
				ENABLE_STRICT_OBJC_MSGSEND = YES;
				ENABLE_TESTABILITY = YES;
				GCC_C_LANGUAGE_STANDARD = gnu99;
				GCC_DYNAMIC_NO_PIC = NO;
				GCC_NO_COMMON_BLOCKS = YES;
				GCC_OPTIMIZATION_LEVEL = 0;
				GCC_PREPROCESSOR_DEFINITIONS = (
					"DEBUG=1",
					"$(inherited)",
				);
				GCC_WARN_64_TO_32_BIT_CONVERSION = YES;
				GCC_WARN_ABOUT_RETURN_TYPE = YES_ERROR;
				GCC_WARN_UNDECLARED_SELECTOR = YES;
				GCC_WARN_UNINITIALIZED_AUTOS = YES_AGGRESSIVE;
				GCC_WARN_UNUSED_FUNCTION = YES;
				GCC_WARN_UNUSED_VARIABLE = YES;
				IPHONEOS_DEPLOYMENT_TARGET = 9.3;
				MTL_ENABLE_DEBUG_INFO = YES;
				ONLY_ACTIVE_ARCH = YES;
				SDKROOT = iphoneos;
				TARGETED_DEVICE_FAMILY = "1,2";
			};
			name = Debug;
		};
		AB3949621D06166A007150E5 /* Release */ = {
			isa = XCBuildConfiguration;
			buildSettings = {
				ALWAYS_SEARCH_USER_PATHS = NO;
				CLANG_ANALYZER_NONNULL = YES;
				CLANG_CXX_LANGUAGE_STANDARD = "gnu++0x";
				CLANG_CXX_LIBRARY = "libc++";
				CLANG_ENABLE_MODULES = YES;
				CLANG_ENABLE_OBJC_ARC = YES;
				CLANG_WARN_BOOL_CONVERSION = YES;
				CLANG_WARN_CONSTANT_CONVERSION = YES;
				CLANG_WARN_DIRECT_OBJC_ISA_USAGE = YES_ERROR;
				CLANG_WARN_EMPTY_BODY = YES;
				CLANG_WARN_ENUM_CONVERSION = YES;
				CLANG_WARN_INT_CONVERSION = YES;
				CLANG_WARN_OBJC_ROOT_CLASS = YES_ERROR;
				CLANG_WARN_UNREACHABLE_CODE = YES;
				CLANG_WARN__DUPLICATE_METHOD_MATCH = YES;
				"CODE_SIGN_IDENTITY[sdk=iphoneos*]" = "iPhone Developer";
				COPY_PHASE_STRIP = NO;
				DEBUG_INFORMATION_FORMAT = "dwarf-with-dsym";
				ENABLE_NS_ASSERTIONS = NO;
				ENABLE_STRICT_OBJC_MSGSEND = YES;
				GCC_C_LANGUAGE_STANDARD = gnu99;
				GCC_NO_COMMON_BLOCKS = YES;
				GCC_WARN_64_TO_32_BIT_CONVERSION = YES;
				GCC_WARN_ABOUT_RETURN_TYPE = YES_ERROR;
				GCC_WARN_UNDECLARED_SELECTOR = YES;
				GCC_WARN_UNINITIALIZED_AUTOS = YES_AGGRESSIVE;
				GCC_WARN_UNUSED_FUNCTION = YES;
				GCC_WARN_UNUSED_VARIABLE = YES;
				IPHONEOS_DEPLOYMENT_TARGET = 9.3;
				MTL_ENABLE_DEBUG_INFO = NO;
				SDKROOT = iphoneos;
				TARGETED_DEVICE_FAMILY = "1,2";
				VALIDATE_PRODUCT = YES;
			};
			name = Release;
		};
		AB3949641D06166A007150E5 /* Debug */ = {
			isa = XCBuildConfiguration;
			buildSettings = {
				ASSETCATALOG_COMPILER_APPICON_NAME = AppIcon;
				INFOPLIST_FILE = Alcolator/Info.plist;
				LD_RUNPATH_SEARCH_PATHS = "$(inherited) @executable_path/Frameworks";
				PRODUCT_BUNDLE_IDENTIFIER = com.Bloc.Alcolator;
				PRODUCT_NAME = "$(TARGET_NAME)";
			};
			name = Debug;
		};
		AB3949651D06166A007150E5 /* Release */ = {
			isa = XCBuildConfiguration;
			buildSettings = {
				ASSETCATALOG_COMPILER_APPICON_NAME = AppIcon;
				INFOPLIST_FILE = Alcolator/Info.plist;
				LD_RUNPATH_SEARCH_PATHS = "$(inherited) @executable_path/Frameworks";
				PRODUCT_BUNDLE_IDENTIFIER = com.Bloc.Alcolator;
				PRODUCT_NAME = "$(TARGET_NAME)";
			};
			name = Release;
		};
		AB3949671D06166A007150E5 /* Debug */ = {
			isa = XCBuildConfiguration;
			buildSettings = {
				BUNDLE_LOADER = "$(TEST_HOST)";
				INFOPLIST_FILE = AlcolatorTests/Info.plist;
				LD_RUNPATH_SEARCH_PATHS = "$(inherited) @executable_path/Frameworks @loader_path/Frameworks";
				PRODUCT_BUNDLE_IDENTIFIER = com.Bloc.AlcolatorTests;
				PRODUCT_NAME = "$(TARGET_NAME)";
				TEST_HOST = "$(BUILT_PRODUCTS_DIR)/Alcolator.app/Alcolator";
			};
			name = Debug;
		};
		AB3949681D06166A007150E5 /* Release */ = {
			isa = XCBuildConfiguration;
			buildSettings = {
				BUNDLE_LOADER = "$(TEST_HOST)";
				INFOPLIST_FILE = AlcolatorTests/Info.plist;
				LD_RUNPATH_SEARCH_PATHS = "$(inherited) @executable_path/Frameworks @loader_path/Frameworks";
				PRODUCT_BUNDLE_IDENTIFIER = com.Bloc.AlcolatorTests;
				PRODUCT_NAME = "$(TARGET_NAME)";
				TEST_HOST = "$(BUILT_PRODUCTS_DIR)/Alcolator.app/Alcolator";
			};
			name = Release;
		};
/* End XCBuildConfiguration section */

/* Begin XCConfigurationList section */
		AB39493C1D06166A007150E5 /* Build configuration list for PBXProject "Alcolator" */ = {
			isa = XCConfigurationList;
			buildConfigurations = (
				AB3949611D06166A007150E5 /* Debug */,
				AB3949621D06166A007150E5 /* Release */,
			);
			defaultConfigurationIsVisible = 0;
			defaultConfigurationName = Release;
		};
		AB3949631D06166A007150E5 /* Build configuration list for PBXNativeTarget "Alcolator" */ = {
			isa = XCConfigurationList;
			buildConfigurations = (
				AB3949641D06166A007150E5 /* Debug */,
				AB3949651D06166A007150E5 /* Release */,
			);
			defaultConfigurationIsVisible = 0;
			defaultConfigurationName = Release;
		};
		AB3949661D06166A007150E5 /* Build configuration list for PBXNativeTarget "AlcolatorTests" */ = {
			isa = XCConfigurationList;
			buildConfigurations = (
				AB3949671D06166A007150E5 /* Debug */,
				AB3949681D06166A007150E5 /* Release */,
			);
			defaultConfigurationIsVisible = 0;
			defaultConfigurationName = Release;
		};
/* End XCConfigurationList section */
	};
	rootObject = AB3949391D06166A007150E5 /* Project object */;
}
